
Microsoft Visual Studio Solution File, Format Version 12.00
# Visual Studio Version 16
VisualStudioVersion = 16.0.29411.108
MinimumVisualStudioVersion = 10.0.40219.1
Project("{FAE04EC0-301F-11D3-BF4B-00C04F79EFBC}") = "TaxNumberValidation", "TaxNumberValidation\TaxNumberValidation.csproj", "{B3652FFF-6208-459F-AFBB-4A2857FBE86D}"
EndProject
Project("{FAE04EC0-301F-11D3-BF4B-00C04F79EFBC}") = "TaxNumberValidation.Tests", "TaxNumberValidation.Tests\TaxNumberValidation.Tests.csproj", "{F7CB42DE-A079-4C4B-991B-7E67C19053CA}"
EndProject
Global
	GlobalSection(SolutionConfigurationPlatforms) = preSolution
		Debug|Any CPU = Debug|Any CPU
		Release|Any CPU = Release|Any CPU
	EndGlobalSection
	GlobalSection(ProjectConfigurationPlatforms) = postSolution
		{B3652FFF-6208-459F-AFBB-4A2857FBE86D}.Debug|Any CPU.ActiveCfg = Debug|Any CPU
		{B3652FFF-6208-459F-AFBB-4A2857FBE86D}.Debug|Any CPU.Build.0 = Debug|Any CPU
		{B3652FFF-6208-459F-AFBB-4A2857FBE86D}.Release|Any CPU.ActiveCfg = Release|Any CPU
		{B3652FFF-6208-459F-AFBB-4A2857FBE86D}.Release|Any CPU.Build.0 = Release|Any CPU
		{F7CB42DE-A079-4C4B-991B-7E67C19053CA}.Debug|Any CPU.ActiveCfg = Debug|Any CPU
		{F7CB42DE-A079-4C4B-991B-7E67C19053CA}.Debug|Any CPU.Build.0 = Debug|Any CPU
		{F7CB42DE-A079-4C4B-991B-7E67C19053CA}.Release|Any CPU.ActiveCfg = Release|Any CPU
		{F7CB42DE-A079-4C4B-991B-7E67C19053CA}.Release|Any CPU.Build.0 = Release|Any CPU
	EndGlobalSection
	GlobalSection(SolutionProperties) = preSolution
		HideSolutionNode = FALSE
	EndGlobalSection
	GlobalSection(ExtensibilityGlobals) = postSolution
		SolutionGuid = {89359904-7FD2-4448-850C-785E3892E516}
	EndGlobalSection
EndGlobal
